# This file is autogenerated, do not edit; changes may be undone by the next 'dep ensure'.


[[projects]]
  name = "github.com/Financial-Times/api-endpoint"
  packages = ["."]
  revision = "d9f326a291cc08362746471b16b3533472b1d4da"
  version = "0.0.2"

[[projects]]
  name = "github.com/Financial-Times/base-ft-rw-app-go"
  packages = ["baseftrwapp"]
  revision = "74eab27b0c6d6044fd326183ddd37ea8ac0e236e"
  version = "1.0.3"

[[projects]]
  name = "github.com/Financial-Times/concepts-rw-neo4j"
  packages = ["concepts"]
  revision = "797b029a0c81306e03229877097b11ccb7ac4c96"
  version = "1.7.3"

[[projects]]
  name = "github.com/Financial-Times/financial-instruments-rw-neo4j"
  packages = ["financialinstruments"]
  revision = "2dd53f7729a145e8e491cf327aa0efdbcf5351bf"
  version = "0.0.9"

[[projects]]
  name = "github.com/Financial-Times/go-fthealth"
  packages = ["v1_1"]
  revision = "1b007e2b37b7936dfb6671fa17e5a29fd35a08ea"
  version = "0.4.0"

[[projects]]
  name = "github.com/Financial-Times/go-logger"
  packages = ["."]
  revision = "febee6537e90971bab6f6fe60b71b4a0562dcab3"
  version = "1.0.0"

[[projects]]
  name = "github.com/Financial-Times/http-handlers-go"
  packages = ["httphandlers"]
  revision = "2c20324ab8870523a84bdb7dae60872b0b42ed14"
  version = "0.1.2"

[[projects]]
  name = "github.com/Financial-Times/memberships-rw-neo4j"
  packages = ["memberships"]
  revision = "8fdd9e058d262aa2676b40af8475218ad21bb246"
  version = "2.0.1"

[[projects]]
  name = "github.com/Financial-Times/neo-model-utils-go"
  packages = ["mapper"]
  revision = "aea1e95c83055aaed6761c5e546400dd383fb220"
  version = "0.4.0"

[[projects]]
  name = "github.com/Financial-Times/neo-utils-go"
  packages = ["neoutils"]
  revision = "bbb7b5cc0660864223be41a599f6339d41e52fba"
  version = "1.0.3"

[[projects]]
  name = "github.com/Financial-Times/organisations-rw-neo4j"
  packages = ["organisations"]
  revision = "133edf7e4483acc6143a3e70a1c4707cd336056e"
  version = "0.6.0"

[[projects]]
  name = "github.com/Financial-Times/people-rw-neo4j"
  packages = ["people"]
  revision = "057a4f5e85be738dc73930a7a45244b2bcc27860"
  version = "2.0.2"

[[projects]]
  name = "github.com/Financial-Times/roles-rw-neo4j"
  packages = ["roles"]
  revision = "756d7ae8b40e01ff3a3371e26bc4001f6423bb86"
  version = "0.2.0"

[[projects]]
  name = "github.com/Financial-Times/service-status-go"
  packages = [
    "buildinfo",
    "gtg",
    "httphandlers"
  ]
  revision = "3f5199736a3d7ae52394c63aac36834786825e21"
  version = "0.1.0"

[[projects]]
  name = "github.com/Financial-Times/transactionid-utils-go"
  packages = ["."]
  revision = "df2f00c734957c9dd651ce23ab0e0902504c7636"
  version = "v0.2.0"

[[projects]]
  name = "github.com/Financial-Times/up-rw-app-api-go"
  packages = ["rwapi"]
  revision = "d9d93a1f689538313d12fee6f5f10715cfe280e0"
  version = "1.0.0"

[[projects]]
  branch = "master"
  name = "github.com/cyberdelia/go-metrics-graphite"
  packages = ["."]
  revision = "39f87cc3b432bbb898d7c643c0e93cac2bc865ad"

[[projects]]
  name = "github.com/davecgh/go-spew"
  packages = ["spew"]
  revision = "346938d642f2ec3594ed81d874461961cd0faa76"
  version = "v1.1.0"

[[projects]]
  name = "github.com/gorilla/context"
  packages = ["."]
  revision = "08b5f424b9271eedf6f9f0ce86cb9396ed337a42"
  version = "v1.1.1"

[[projects]]
  name = "github.com/gorilla/handlers"
  packages = ["."]
  revision = "90663712d74cb411cbef281bc1e08c19d1a76145"
  version = "v1.3.0"

[[projects]]
  name = "github.com/gorilla/mux"
  packages = ["."]
  revision = "e3702bed27f0d39777b0b37b664b6280e8ef8fbf"
  version = "v1.6.2"

[[projects]]
  branch = "master"
  name = "github.com/hashicorp/go-version"
  packages = ["."]
  revision = "270f2f71b1ee587f3b609f00f422b76a6b28f348"

[[projects]]
  name = "github.com/jawher/mow.cli"
  packages = [
    ".",
    "internal/container",
    "internal/flow",
    "internal/fsm",
    "internal/lexer",
    "internal/matcher",
    "internal/parser",
    "internal/values"
  ]
  revision = "2f22195f169da29d54624afd9eb83ada5c9e4ee9"
  version = "v1.0.4"

[[projects]]
  name = "github.com/jmcvetta/neoism"
  packages = ["."]
  revision = "c37ec30845b63d9f168f55e837c787e08a15e9a6"
  version = "v1.3.1"

[[projects]]
  branch = "master"
  name = "github.com/jmcvetta/randutil"
  packages = ["."]
  revision = "2bb1b664bcff821e02b2a0644cd29c7e824d54f8"

[[projects]]
  name = "github.com/kr/pretty"
  packages = ["."]
  revision = "73f6ac0b30a98e433b289500d779f50c1a6f0712"
  version = "v0.1.0"

[[projects]]
  name = "github.com/kr/text"
  packages = ["."]
  revision = "e2ffdb16a802fe2bb95e2e35ff34f0e53aeef34f"
  version = "v0.1.0"

[[projects]]
  branch = "master"
  name = "github.com/mitchellh/hashstructure"
  packages = ["."]
  revision = "2bca23e0e452137f789efbc8610126fd8b94f73b"

[[projects]]
  name = "github.com/pmezard/go-difflib"
  packages = ["difflib"]
  revision = "792786c7400a136282c1664665ae0a8db921c6c2"
  version = "v1.0.0"

[[projects]]
  branch = "master"
  name = "github.com/rcrowley/go-metrics"
  packages = ["."]
  revision = "e2704e165165ec55d062f5919b4b29494e9fa790"

[[projects]]
  name = "github.com/sirupsen/logrus"
  packages = ["."]
  revision = "c155da19408a8799da419ed3eeb0cb5db0ad5dbc"
  version = "v1.0.5"

[[projects]]
  name = "github.com/spaolacci/murmur3"
  packages = ["."]
  revision = "9f5d223c60793748f04a9d5b4b4eacddfc1f755d"
  version = "v1.1"

[[projects]]
  name = "github.com/stretchr/testify"
  packages = ["assert"]
  revision = "f35b8ab0b5a2cef36673838d662e249dd9c94686"
  version = "v1.2.2"

[[projects]]
  name = "github.com/ugorji/go"
  packages = ["codec"]
  revision = "b4c50a2b199d93b13dc15e78929cfb23bfdf21ab"
  version = "v1.1.1"

[[projects]]
  branch = "master"
  name = "go4.org"
  packages = ["osutil"]
  revision = "9599cf28b011184741f249bd9f9330756b506cbc"

[[projects]]
  branch = "master"
  name = "golang.org/x/crypto"
  packages = ["ssh/terminal"]
  revision = "a2144134853fc9a27a7b1e3eb4f19f1a76df13c9"

[[projects]]
  branch = "master"
  name = "golang.org/x/net"
  packages = ["context"]
  revision = "d0887baf81f4598189d4e12a37c6da86f0bba4d0"

[[projects]]
  branch = "master"
  name = "golang.org/x/sys"
  packages = [
    "unix",
    "windows"
  ]
  revision = "ac767d655b305d4e9612f5f6e33120b9176c4ad4"

[[projects]]
  name = "gopkg.in/jmcvetta/napping.v3"
  packages = ["."]
  revision = "4c7b4b235c63152afa9a1c6384e708e0fbfd77ca"
  version = "v3.2.0"

[[projects]]
  name = "gopkg.in/yaml.v2"
  packages = ["."]
  revision = "5420a8b6744d3b0345ab293f6fcba19c978f1183"
  version = "v2.2.1"

[solve-meta]
  analyzer-name = "dep"
  analyzer-version = 1
  inputs-digest = "b146f46abe78cba921de882662e8d23fdb22dd3986bba7e364206e374667eaed"
  solver-name = "gps-cdcl"
  solver-version = 1
